
Microsoft Visual Studio Solution File, Format Version 12.00
# Visual Studio 15
VisualStudioVersion = 15.0.26430.16
MinimumVisualStudioVersion = 10.0.40219.1
Project("{FAE04EC0-301F-11D3-BF4B-00C04F79EFBC}") = "TheWall", "TheWall\TheWall.csproj", "{81F28704-412C-40AC-8005-92663642C49E}"
EndProject
Project("{FAE04EC0-301F-11D3-BF4B-00C04F79EFBC}") = "JessysFriend", "JessysFriend\JessysFriend.csproj", "{57646BA8-3166-47BD-AD50-766A1F3CF320}"
EndProject
Project("{FAE04EC0-301F-11D3-BF4B-00C04F79EFBC}") = "JessysFriendExam", "JessysFriendExam\JessysFriendExam.csproj", "{84C5DEC1-E81B-4A12-85C5-4E613359C45B}"
EndProject
Project("{FAE04EC0-301F-11D3-BF4B-00C04F79EFBC}") = "HandballStatistics", "HandballStatistics\HandballStatistics.csproj", "{2450B47D-6F78-45FE-8422-0BDC157CCEFB}"
EndProject
Global
	GlobalSection(SolutionConfigurationPlatforms) = preSolution
		Debug|Any CPU = Debug|Any CPU
		Release|Any CPU = Release|Any CPU
	EndGlobalSection
	GlobalSection(ProjectConfigurationPlatforms) = postSolution
		{81F28704-412C-40AC-8005-92663642C49E}.Debug|Any CPU.ActiveCfg = Debug|Any CPU
		{81F28704-412C-40AC-8005-92663642C49E}.Debug|Any CPU.Build.0 = Debug|Any CPU
		{81F28704-412C-40AC-8005-92663642C49E}.Release|Any CPU.ActiveCfg = Release|Any CPU
		{81F28704-412C-40AC-8005-92663642C49E}.Release|Any CPU.Build.0 = Release|Any CPU
		{57646BA8-3166-47BD-AD50-766A1F3CF320}.Debug|Any CPU.ActiveCfg = Debug|Any CPU
		{57646BA8-3166-47BD-AD50-766A1F3CF320}.Debug|Any CPU.Build.0 = Debug|Any CPU
		{57646BA8-3166-47BD-AD50-766A1F3CF320}.Release|Any CPU.ActiveCfg = Release|Any CPU
		{57646BA8-3166-47BD-AD50-766A1F3CF320}.Release|Any CPU.Build.0 = Release|Any CPU
		{84C5DEC1-E81B-4A12-85C5-4E613359C45B}.Debug|Any CPU.ActiveCfg = Debug|Any CPU
		{84C5DEC1-E81B-4A12-85C5-4E613359C45B}.Debug|Any CPU.Build.0 = Debug|Any CPU
		{84C5DEC1-E81B-4A12-85C5-4E613359C45B}.Release|Any CPU.ActiveCfg = Release|Any CPU
		{84C5DEC1-E81B-4A12-85C5-4E613359C45B}.Release|Any CPU.Build.0 = Release|Any CPU
		{2450B47D-6F78-45FE-8422-0BDC157CCEFB}.Debug|Any CPU.ActiveCfg = Debug|Any CPU
		{2450B47D-6F78-45FE-8422-0BDC157CCEFB}.Debug|Any CPU.Build.0 = Debug|Any CPU
		{2450B47D-6F78-45FE-8422-0BDC157CCEFB}.Release|Any CPU.ActiveCfg = Release|Any CPU
		{2450B47D-6F78-45FE-8422-0BDC157CCEFB}.Release|Any CPU.Build.0 = Release|Any CPU
	EndGlobalSection
	GlobalSection(SolutionProperties) = preSolution
		HideSolutionNode = FALSE
	EndGlobalSection
EndGlobal
